{
  "version": 4,
  "terraform_version": "1.14.3",
  "serial": 1,
  "lineage": "e968da90-209c-dce8-8706-fe9a051e2fca",
  "outputs": {},
  "resources": [
    {
      "mode": "managed",
      "type": "multipass_instance",
      "name": "vm_6e80a1f8_f73c_4f9c_8628_944341ba1837",
      "provider": "provider[\"registry.terraform.io/larstobi/multipass\"]",
      "instances": [
        {
          "schema_version": 0,
          "attributes": {
            "cloudinit_file": "./cloud-config.yaml",
            "cpus": 1,
            "disk": null,
            "image": null,
            "memory": "1GiB",
            "name": "new-vm"
          },
          "sensitive_attributes": [],
          "identity_schema_version": 0
        }
      ]
    }
  ],
  "check_results": null
}
