{
  "version": 4,
  "terraform_version": "1.14.3",
  "serial": 4,
  "lineage": "6e154c76-692d-b017-6e58-0631b196a6af",
  "outputs": {},
  "resources": [
    {
      "mode": "managed",
      "type": "multipass_instance",
      "name": "vm_2f8f4bbf_8712_4cfc_8461_09c6c3425140",
      "provider": "provider[\"registry.terraform.io/larstobi/multipass\"]",
      "instances": [
        {
          "schema_version": 0,
          "attributes": {
            "cloudinit_file": "./cloud-config.yaml",
            "cpus": 1,
            "disk": null,
            "image": null,
            "memory": "1GiB",
            "name": "new-vm"
          },
          "sensitive_attributes": [],
          "identity_schema_version": 0
        }
      ]
    }
  ],
  "check_results": null
}
